// !$*UTF8*$!
{
	archiveVersion = 1;
	classes = {
	};
	objectVersion = 56;
	objects = {

/* Begin PBXBuildFile section */
		BD4B3AEB2BF4A88E0047A56B /* SelectQuestionGroupViewController.swift in Sources */ = {isa = PBXBuildFile; fileRef = BD4B3AEA2BF4A88E0047A56B /* SelectQuestionGroupViewController.swift */; };
		BD4B3AED2BF4A9A70047A56B /* QuestionGroupCell.swift in Sources */ = {isa = PBXBuildFile; fileRef = BD4B3AEC2BF4A9A70047A56B /* QuestionGroupCell.swift */; };
		BD79755C2BF5E74E0055BC37 /* QuestionStrategy.swift in Sources */ = {isa = PBXBuildFile; fileRef = BD79755B2BF5E74E0055BC37 /* QuestionStrategy.swift */; };
		BD79755E2BF5F5FA0055BC37 /* SequentialQuestionStrategy.swift in Sources */ = {isa = PBXBuildFile; fileRef = BD79755D2BF5F5FA0055BC37 /* SequentialQuestionStrategy.swift */; };
		BD7975602BF644360055BC37 /* RandomQuestionStrategy.swift in Sources */ = {isa = PBXBuildFile; fileRef = BD79755F2BF644360055BC37 /* RandomQuestionStrategy.swift */; };
		BD9FBF392BF484730039E4FF /* AppDelegate.swift in Sources */ = {isa = PBXBuildFile; fileRef = BD9FBF382BF484730039E4FF /* AppDelegate.swift */; };
		BD9FBF3B2BF484730039E4FF /* SceneDelegate.swift in Sources */ = {isa = PBXBuildFile; fileRef = BD9FBF3A2BF484730039E4FF /* SceneDelegate.swift */; };
		BD9FBF3D2BF484730039E4FF /* QuestionViewController.swift in Sources */ = {isa = PBXBuildFile; fileRef = BD9FBF3C2BF484730039E4FF /* QuestionViewController.swift */; };
		BD9FBF402BF484730039E4FF /* Base in Resources */ = {isa = PBXBuildFile; fileRef = BD9FBF3F2BF484730039E4FF /* Base */; };
		BD9FBF422BF484730039E4FF /* Assets.xcassets in Resources */ = {isa = PBXBuildFile; fileRef = BD9FBF412BF484730039E4FF /* Assets.xcassets */; };
		BD9FBF532BF487770039E4FF /* Question.swift in Sources */ = {isa = PBXBuildFile; fileRef = BD9FBF522BF487770039E4FF /* Question.swift */; };
		BD9FBF552BF487A70039E4FF /* QuestionGroup.swift in Sources */ = {isa = PBXBuildFile; fileRef = BD9FBF542BF487A70039E4FF /* QuestionGroup.swift */; };
		BD9FBF572BF4880A0039E4FF /* QuestionGroupData.swift in Sources */ = {isa = PBXBuildFile; fileRef = BD9FBF562BF4880A0039E4FF /* QuestionGroupData.swift */; };
		BD9FBF592BF488450039E4FF /* LaunchScreen.storyboard in Resources */ = {isa = PBXBuildFile; fileRef = BD9FBF582BF488450039E4FF /* LaunchScreen.storyboard */; };
		BD9FBF5B2BF48AA90039E4FF /* QuestionView.swift in Sources */ = {isa = PBXBuildFile; fileRef = BD9FBF5A2BF48AA90039E4FF /* QuestionView.swift */; };
/* End PBXBuildFile section */

/* Begin PBXFileReference section */
		BD4B3AEA2BF4A88E0047A56B /* SelectQuestionGroupViewController.swift */ = {isa = PBXFileReference; lastKnownFileType = sourcecode.swift; path = SelectQuestionGroupViewController.swift; sourceTree = "<group>"; };
		BD4B3AEC2BF4A9A70047A56B /* QuestionGroupCell.swift */ = {isa = PBXFileReference; lastKnownFileType = sourcecode.swift; path = QuestionGroupCell.swift; sourceTree = "<group>"; };
		BD79755B2BF5E74E0055BC37 /* QuestionStrategy.swift */ = {isa = PBXFileReference; lastKnownFileType = sourcecode.swift; path = QuestionStrategy.swift; sourceTree = "<group>"; };
		BD79755D2BF5F5FA0055BC37 /* SequentialQuestionStrategy.swift */ = {isa = PBXFileReference; lastKnownFileType = sourcecode.swift; path = SequentialQuestionStrategy.swift; sourceTree = "<group>"; };
		BD79755F2BF644360055BC37 /* RandomQuestionStrategy.swift */ = {isa = PBXFileReference; lastKnownFileType = sourcecode.swift; path = RandomQuestionStrategy.swift; sourceTree = "<group>"; };
		BD9FBF352BF484730039E4FF /* Rabble Wabble.app */ = {isa = PBXFileReference; explicitFileType = wrapper.application; includeInIndex = 0; path = "Rabble Wabble.app"; sourceTree = BUILT_PRODUCTS_DIR; };
		BD9FBF382BF484730039E4FF /* AppDelegate.swift */ = {isa = PBXFileReference; lastKnownFileType = sourcecode.swift; path = AppDelegate.swift; sourceTree = "<group>"; };
		BD9FBF3A2BF484730039E4FF /* SceneDelegate.swift */ = {isa = PBXFileReference; lastKnownFileType = sourcecode.swift; path = SceneDelegate.swift; sourceTree = "<group>"; };
		BD9FBF3C2BF484730039E4FF /* QuestionViewController.swift */ = {isa = PBXFileReference; lastKnownFileType = sourcecode.swift; path = QuestionViewController.swift; sourceTree = "<group>"; };
		BD9FBF3F2BF484730039E4FF /* Base */ = {isa = PBXFileReference; lastKnownFileType = file.storyboard; name = Base; path = Base.lproj/Main.storyboard; sourceTree = "<group>"; };
		BD9FBF412BF484730039E4FF /* Assets.xcassets */ = {isa = PBXFileReference; lastKnownFileType = folder.assetcatalog; path = Assets.xcassets; sourceTree = "<group>"; };
		BD9FBF462BF484730039E4FF /* Info.plist */ = {isa = PBXFileReference; lastKnownFileType = text.plist.xml; path = Info.plist; sourceTree = "<group>"; };
		BD9FBF522BF487770039E4FF /* Question.swift */ = {isa = PBXFileReference; lastKnownFileType = sourcecode.swift; path = Question.swift; sourceTree = "<group>"; };
		BD9FBF542BF487A70039E4FF /* QuestionGroup.swift */ = {isa = PBXFileReference; lastKnownFileType = sourcecode.swift; path = QuestionGroup.swift; sourceTree = "<group>"; };
		BD9FBF562BF4880A0039E4FF /* QuestionGroupData.swift */ = {isa = PBXFileReference; fileEncoding = 4; lastKnownFileType = sourcecode.swift; path = QuestionGroupData.swift; sourceTree = "<group>"; };
		BD9FBF582BF488450039E4FF /* LaunchScreen.storyboard */ = {isa = PBXFileReference; fileEncoding = 4; lastKnownFileType = file.storyboard; path = LaunchScreen.storyboard; sourceTree = "<group>"; };
		BD9FBF5A2BF48AA90039E4FF /* QuestionView.swift */ = {isa = PBXFileReference; lastKnownFileType = sourcecode.swift; path = QuestionView.swift; sourceTree = "<group>"; };
/* End PBXFileReference section */

/* Begin PBXFrameworksBuildPhase section */
		BD9FBF322BF484730039E4FF /* Frameworks */ = {
			isa = PBXFrameworksBuildPhase;
			buildActionMask = 2147483647;
			files = (
			);
			runOnlyForDeploymentPostprocessing = 0;
		};
/* End PBXFrameworksBuildPhase section */

/* Begin PBXGroup section */
		BD79755A2BF5E7360055BC37 /* Strategies */ = {
			isa = PBXGroup;
			children = (
				BD79755B2BF5E74E0055BC37 /* QuestionStrategy.swift */,
				BD79755D2BF5F5FA0055BC37 /* SequentialQuestionStrategy.swift */,
				BD79755F2BF644360055BC37 /* RandomQuestionStrategy.swift */,
			);
			path = Strategies;
			sourceTree = "<group>";
		};
		BD9FBF2C2BF484730039E4FF = {
			isa = PBXGroup;
			children = (
				BD9FBF372BF484730039E4FF /* Rabble Wabble */,
				BD9FBF362BF484730039E4FF /* Products */,
			);
			sourceTree = "<group>";
		};
		BD9FBF362BF484730039E4FF /* Products */ = {
			isa = PBXGroup;
			children = (
				BD9FBF352BF484730039E4FF /* Rabble Wabble.app */,
			);
			name = Products;
			sourceTree = "<group>";
		};
		BD9FBF372BF484730039E4FF /* Rabble Wabble */ = {
			isa = PBXGroup;
			children = (
				BD9FBF4D2BF4852C0039E4FF /* AppDelegate */,
				BD9FBF4E2BF485360039E4FF /* Controllers */,
				BD9FBF4F2BF4853A0039E4FF /* Models */,
				BD9FBF502BF4853D0039E4FF /* Resources */,
				BD79755A2BF5E7360055BC37 /* Strategies */,
				BD9FBF512BF485440039E4FF /* Views */,
			);
			path = "Rabble Wabble";
			sourceTree = "<group>";
		};
		BD9FBF4D2BF4852C0039E4FF /* AppDelegate */ = {
			isa = PBXGroup;
			children = (
				BD9FBF382BF484730039E4FF /* AppDelegate.swift */,
				BD9FBF3A2BF484730039E4FF /* SceneDelegate.swift */,
			);
			path = AppDelegate;
			sourceTree = "<group>";
		};
		BD9FBF4E2BF485360039E4FF /* Controllers */ = {
			isa = PBXGroup;
			children = (
				BD9FBF3C2BF484730039E4FF /* QuestionViewController.swift */,
				BD4B3AEA2BF4A88E0047A56B /* SelectQuestionGroupViewController.swift */,
			);
			path = Controllers;
			sourceTree = "<group>";
		};
		BD9FBF4F2BF4853A0039E4FF /* Models */ = {
			isa = PBXGroup;
			children = (
				BD9FBF522BF487770039E4FF /* Question.swift */,
				BD9FBF542BF487A70039E4FF /* QuestionGroup.swift */,
				BD9FBF562BF4880A0039E4FF /* QuestionGroupData.swift */,
			);
			path = Models;
			sourceTree = "<group>";
		};
		BD9FBF502BF4853D0039E4FF /* Resources */ = {
			isa = PBXGroup;
			children = (
				BD9FBF412BF484730039E4FF /* Assets.xcassets */,
				BD9FBF462BF484730039E4FF /* Info.plist */,
			);
			path = Resources;
			sourceTree = "<group>";
		};
		BD9FBF512BF485440039E4FF /* Views */ = {
			isa = PBXGroup;
			children = (
				BD9FBF3E2BF484730039E4FF /* Main.storyboard */,
				BD9FBF582BF488450039E4FF /* LaunchScreen.storyboard */,
				BD9FBF5A2BF48AA90039E4FF /* QuestionView.swift */,
				BD4B3AEC2BF4A9A70047A56B /* QuestionGroupCell.swift */,
			);
			path = Views;
			sourceTree = "<group>";
		};
/* End PBXGroup section */

/* Begin PBXNativeTarget section */
		BD9FBF342BF484730039E4FF /* Rabble Wabble */ = {
			isa = PBXNativeTarget;
			buildConfigurationList = BD9FBF492BF484730039E4FF /* Build configuration list for PBXNativeTarget "Rabble Wabble" */;
			buildPhases = (
				BD9FBF312BF484730039E4FF /* Sources */,
				BD9FBF322BF484730039E4FF /* Frameworks */,
				BD9FBF332BF484730039E4FF /* Resources */,
			);
			buildRules = (
			);
			dependencies = (
			);
			name = "Rabble Wabble";
			productName = "Rabble Wabble";
			productReference = BD9FBF352BF484730039E4FF /* Rabble Wabble.app */;
			productType = "com.apple.product-type.application";
		};
/* End PBXNativeTarget section */

/* Begin PBXProject section */
		BD9FBF2D2BF484730039E4FF /* Project object */ = {
			isa = PBXProject;
			attributes = {
				BuildIndependentTargetsInParallel = 1;
				LastSwiftUpdateCheck = 1530;
				LastUpgradeCheck = 1530;
				TargetAttributes = {
					BD9FBF342BF484730039E4FF = {
						CreatedOnToolsVersion = 15.3;
					};
				};
			};
			buildConfigurationList = BD9FBF302BF484730039E4FF /* Build configuration list for PBXProject "Rabble Wabble" */;
			compatibilityVersion = "Xcode 14.0";
			developmentRegion = en;
			hasScannedForEncodings = 0;
			knownRegions = (
				en,
				Base,
			);
			mainGroup = BD9FBF2C2BF484730039E4FF;
			productRefGroup = BD9FBF362BF484730039E4FF /* Products */;
			projectDirPath = "";
			projectRoot = "";
			targets = (
				BD9FBF342BF484730039E4FF /* Rabble Wabble */,
			);
		};
/* End PBXProject section */

/* Begin PBXResourcesBuildPhase section */
		BD9FBF332BF484730039E4FF /* Resources */ = {
			isa = PBXResourcesBuildPhase;
			buildActionMask = 2147483647;
			files = (
				BD9FBF592BF488450039E4FF /* LaunchScreen.storyboard in Resources */,
				BD9FBF422BF484730039E4FF /* Assets.xcassets in Resources */,
				BD9FBF402BF484730039E4FF /* Base in Resources */,
			);
			runOnlyForDeploymentPostprocessing = 0;
		};
/* End PBXResourcesBuildPhase section */

/* Begin PBXSourcesBuildPhase section */
		BD9FBF312BF484730039E4FF /* Sources */ = {
			isa = PBXSourcesBuildPhase;
			buildActionMask = 2147483647;
			files = (
				BD9FBF3D2BF484730039E4FF /* QuestionViewController.swift in Sources */,
				BD9FBF532BF487770039E4FF /* Question.swift in Sources */,
				BD9FBF392BF484730039E4FF /* AppDelegate.swift in Sources */,
				BD9FBF5B2BF48AA90039E4FF /* QuestionView.swift in Sources */,
				BD9FBF572BF4880A0039E4FF /* QuestionGroupData.swift in Sources */,
				BD4B3AED2BF4A9A70047A56B /* QuestionGroupCell.swift in Sources */,
				BD79755E2BF5F5FA0055BC37 /* SequentialQuestionStrategy.swift in Sources */,
				BD7975602BF644360055BC37 /* RandomQuestionStrategy.swift in Sources */,
				BD79755C2BF5E74E0055BC37 /* QuestionStrategy.swift in Sources */,
				BD9FBF552BF487A70039E4FF /* QuestionGroup.swift in Sources */,
				BD4B3AEB2BF4A88E0047A56B /* SelectQuestionGroupViewController.swift in Sources */,
				BD9FBF3B2BF484730039E4FF /* SceneDelegate.swift in Sources */,
			);
			runOnlyForDeploymentPostprocessing = 0;
		};
/* End PBXSourcesBuildPhase section */

/* Begin PBXVariantGroup section */
		BD9FBF3E2BF484730039E4FF /* Main.storyboard */ = {
			isa = PBXVariantGroup;
			children = (
				BD9FBF3F2BF484730039E4FF /* Base */,
			);
			name = Main.storyboard;
			sourceTree = "<group>";
		};
/* End PBXVariantGroup section */

/* Begin XCBuildConfiguration section */
		BD9FBF472BF484730039E4FF /* Debug */ = {
			isa = XCBuildConfiguration;
			buildSettings = {
				ALWAYS_SEARCH_USER_PATHS = NO;
				ASSETCATALOG_COMPILER_GENERATE_SWIFT_ASSET_SYMBOL_EXTENSIONS = YES;
				CLANG_ANALYZER_NONNULL = YES;
				CLANG_ANALYZER_NUMBER_OBJECT_CONVERSION = YES_AGGRESSIVE;
				CLANG_CXX_LANGUAGE_STANDARD = "gnu++20";
				CLANG_ENABLE_MODULES = YES;
				CLANG_ENABLE_OBJC_ARC = YES;
				CLANG_ENABLE_OBJC_WEAK = YES;
				CLANG_WARN_BLOCK_CAPTURE_AUTORELEASING = YES;
				CLANG_WARN_BOOL_CONVERSION = YES;
				CLANG_WARN_COMMA = YES;
				CLANG_WARN_CONSTANT_CONVERSION = YES;
				CLANG_WARN_DEPRECATED_OBJC_IMPLEMENTATIONS = YES;
				CLANG_WARN_DIRECT_OBJC_ISA_USAGE = YES_ERROR;
				CLANG_WARN_DOCUMENTATION_COMMENTS = YES;
				CLANG_WARN_EMPTY_BODY = YES;
				CLANG_WARN_ENUM_CONVERSION = YES;
				CLANG_WARN_INFINITE_RECURSION = YES;
				CLANG_WARN_INT_CONVERSION = YES;
				CLANG_WARN_NON_LITERAL_NULL_CONVERSION = YES;
				CLANG_WARN_OBJC_IMPLICIT_RETAIN_SELF = YES;
				CLANG_WARN_OBJC_LITERAL_CONVERSION = YES;
				CLANG_WARN_OBJC_ROOT_CLASS = YES_ERROR;
				CLANG_WARN_QUOTED_INCLUDE_IN_FRAMEWORK_HEADER = YES;
				CLANG_WARN_RANGE_LOOP_ANALYSIS = YES;
				CLANG_WARN_STRICT_PROTOTYPES = YES;
				CLANG_WARN_SUSPICIOUS_MOVE = YES;
				CLANG_WARN_UNGUARDED_AVAILABILITY = YES_AGGRESSIVE;
				CLANG_WARN_UNREACHABLE_CODE = YES;
				CLANG_WARN__DUPLICATE_METHOD_MATCH = YES;
				COPY_PHASE_STRIP = NO;
				DEBUG_INFORMATION_FORMAT = dwarf;
				ENABLE_STRICT_OBJC_MSGSEND = YES;
				ENABLE_TESTABILITY = YES;
				ENABLE_USER_SCRIPT_SANDBOXING = YES;
				GCC_C_LANGUAGE_STANDARD = gnu17;
				GCC_DYNAMIC_NO_PIC = NO;
				GCC_NO_COMMON_BLOCKS = YES;
				GCC_OPTIMIZATION_LEVEL = 0;
				GCC_PREPROCESSOR_DEFINITIONS = (
					"DEBUG=1",
					"$(inherited)",
				);
				GCC_WARN_64_TO_32_BIT_CONVERSION = YES;
				GCC_WARN_ABOUT_RETURN_TYPE = YES_ERROR;
				GCC_WARN_UNDECLARED_SELECTOR = YES;
				GCC_WARN_UNINITIALIZED_AUTOS = YES_AGGRESSIVE;
				GCC_WARN_UNUSED_FUNCTION = YES;
				GCC_WARN_UNUSED_VARIABLE = YES;
				IPHONEOS_DEPLOYMENT_TARGET = 17.4;
				LOCALIZATION_PREFERS_STRING_CATALOGS = YES;
				MTL_ENABLE_DEBUG_INFO = INCLUDE_SOURCE;
				MTL_FAST_MATH = YES;
				ONLY_ACTIVE_ARCH = YES;
				SDKROOT = iphoneos;
				SWIFT_ACTIVE_COMPILATION_CONDITIONS = "DEBUG $(inherited)";
				SWIFT_OPTIMIZATION_LEVEL = "-Onone";
			};
			name = Debug;
		};
		BD9FBF482BF484730039E4FF /* Release */ = {
			isa = XCBuildConfiguration;
			buildSettings = {
				ALWAYS_SEARCH_USER_PATHS = NO;
				ASSETCATALOG_COMPILER_GENERATE_SWIFT_ASSET_SYMBOL_EXTENSIONS = YES;
				CLANG_ANALYZER_NONNULL = YES;
				CLANG_ANALYZER_NUMBER_OBJECT_CONVERSION = YES_AGGRESSIVE;
				CLANG_CXX_LANGUAGE_STANDARD = "gnu++20";
				CLANG_ENABLE_MODULES = YES;
				CLANG_ENABLE_OBJC_ARC = YES;
				CLANG_ENABLE_OBJC_WEAK = YES;
				CLANG_WARN_BLOCK_CAPTURE_AUTORELEASING = YES;
				CLANG_WARN_BOOL_CONVERSION = YES;
				CLANG_WARN_COMMA = YES;
				CLANG_WARN_CONSTANT_CONVERSION = YES;
				CLANG_WARN_DEPRECATED_OBJC_IMPLEMENTATIONS = YES;
				CLANG_WARN_DIRECT_OBJC_ISA_USAGE = YES_ERROR;
				CLANG_WARN_DOCUMENTATION_COMMENTS = YES;
				CLANG_WARN_EMPTY_BODY = YES;
				CLANG_WARN_ENUM_CONVERSION = YES;
				CLANG_WARN_INFINITE_RECURSION = YES;
				CLANG_WARN_INT_CONVERSION = YES;
				CLANG_WARN_NON_LITERAL_NULL_CONVERSION = YES;
				CLANG_WARN_OBJC_IMPLICIT_RETAIN_SELF = YES;
				CLANG_WARN_OBJC_LITERAL_CONVERSION = YES;
				CLANG_WARN_OBJC_ROOT_CLASS = YES_ERROR;
				CLANG_WARN_QUOTED_INCLUDE_IN_FRAMEWORK_HEADER = YES;
				CLANG_WARN_RANGE_LOOP_ANALYSIS = YES;
				CLANG_WARN_STRICT_PROTOTYPES = YES;
				CLANG_WARN_SUSPICIOUS_MOVE = YES;
				CLANG_WARN_UNGUARDED_AVAILABILITY = YES_AGGRESSIVE;
				CLANG_WARN_UNREACHABLE_CODE = YES;
				CLANG_WARN__DUPLICATE_METHOD_MATCH = YES;
				COPY_PHASE_STRIP = NO;
				DEBUG_INFORMATION_FORMAT = "dwarf-with-dsym";
				ENABLE_NS_ASSERTIONS = NO;
				ENABLE_STRICT_OBJC_MSGSEND = YES;
				ENABLE_USER_SCRIPT_SANDBOXING = YES;
				GCC_C_LANGUAGE_STANDARD = gnu17;
				GCC_NO_COMMON_BLOCKS = YES;
				GCC_WARN_64_TO_32_BIT_CONVERSION = YES;
				GCC_WARN_ABOUT_RETURN_TYPE = YES_ERROR;
				GCC_WARN_UNDECLARED_SELECTOR = YES;
				GCC_WARN_UNINITIALIZED_AUTOS = YES_AGGRESSIVE;
				GCC_WARN_UNUSED_FUNCTION = YES;
				GCC_WARN_UNUSED_VARIABLE = YES;
				IPHONEOS_DEPLOYMENT_TARGET = 17.4;
				LOCALIZATION_PREFERS_STRING_CATALOGS = YES;
				MTL_ENABLE_DEBUG_INFO = NO;
				MTL_FAST_MATH = YES;
				SDKROOT = iphoneos;
				SWIFT_COMPILATION_MODE = wholemodule;
				VALIDATE_PRODUCT = YES;
			};
			name = Release;
		};
		BD9FBF4A2BF484730039E4FF /* Debug */ = {
			isa = XCBuildConfiguration;
			buildSettings = {
				ASSETCATALOG_COMPILER_APPICON_NAME = AppIcon;
				ASSETCATALOG_COMPILER_GLOBAL_ACCENT_COLOR_NAME = AccentColor;
				CODE_SIGN_STYLE = Automatic;
				CURRENT_PROJECT_VERSION = 1;
				DEVELOPMENT_TEAM = 2U86LHQK8Q;
				GENERATE_INFOPLIST_FILE = YES;
				INFOPLIST_FILE = "Rabble Wabble/Resources/Info.plist";
				INFOPLIST_KEY_UIApplicationSupportsIndirectInputEvents = YES;
				INFOPLIST_KEY_UILaunchStoryboardName = LaunchScreen;
				INFOPLIST_KEY_UIMainStoryboardFile = Main;
				INFOPLIST_KEY_UISupportedInterfaceOrientations_iPad = "UIInterfaceOrientationPortrait UIInterfaceOrientationPortraitUpsideDown UIInterfaceOrientationLandscapeLeft UIInterfaceOrientationLandscapeRight";
				INFOPLIST_KEY_UISupportedInterfaceOrientations_iPhone = "UIInterfaceOrientationPortrait UIInterfaceOrientationLandscapeLeft UIInterfaceOrientationLandscapeRight";
				LD_RUNPATH_SEARCH_PATHS = (
					"$(inherited)",
					"@executable_path/Frameworks",
				);
				MARKETING_VERSION = 1.0;
				PRODUCT_BUNDLE_IDENTIFIER = "com.jack.lee.Rabble-Wabble";
				PRODUCT_NAME = "$(TARGET_NAME)";
				SWIFT_EMIT_LOC_STRINGS = YES;
				SWIFT_VERSION = 5.0;
				TARGETED_DEVICE_FAMILY = "1,2";
			};
			name = Debug;
		};
		BD9FBF4B2BF484730039E4FF /* Release */ = {
			isa = XCBuildConfiguration;
			buildSettings = {
				ASSETCATALOG_COMPILER_APPICON_NAME = AppIcon;
				ASSETCATALOG_COMPILER_GLOBAL_ACCENT_COLOR_NAME = AccentColor;
				CODE_SIGN_STYLE = Automatic;
				CURRENT_PROJECT_VERSION = 1;
				DEVELOPMENT_TEAM = 2U86LHQK8Q;
				GENERATE_INFOPLIST_FILE = YES;
				INFOPLIST_FILE = "Rabble Wabble/Resources/Info.plist";
				INFOPLIST_KEY_UIApplicationSupportsIndirectInputEvents = YES;
				INFOPLIST_KEY_UILaunchStoryboardName = LaunchScreen;
				INFOPLIST_KEY_UIMainStoryboardFile = Main;
				INFOPLIST_KEY_UISupportedInterfaceOrientations_iPad = "UIInterfaceOrientationPortrait UIInterfaceOrientationPortraitUpsideDown UIInterfaceOrientationLandscapeLeft UIInterfaceOrientationLandscapeRight";
				INFOPLIST_KEY_UISupportedInterfaceOrientations_iPhone = "UIInterfaceOrientationPortrait UIInterfaceOrientationLandscapeLeft UIInterfaceOrientationLandscapeRight";
				LD_RUNPATH_SEARCH_PATHS = (
					"$(inherited)",
					"@executable_path/Frameworks",
				);
				MARKETING_VERSION = 1.0;
				PRODUCT_BUNDLE_IDENTIFIER = "com.jack.lee.Rabble-Wabble";
				PRODUCT_NAME = "$(TARGET_NAME)";
				SWIFT_EMIT_LOC_STRINGS = YES;
				SWIFT_VERSION = 5.0;
				TARGETED_DEVICE_FAMILY = "1,2";
			};
			name = Release;
		};
/* End XCBuildConfiguration section */

/* Begin XCConfigurationList section */
		BD9FBF302BF484730039E4FF /* Build configuration list for PBXProject "Rabble Wabble" */ = {
			isa = XCConfigurationList;
			buildConfigurations = (
				BD9FBF472BF484730039E4FF /* Debug */,
				BD9FBF482BF484730039E4FF /* Release */,
			);
			defaultConfigurationIsVisible = 0;
			defaultConfigurationName = Release;
		};
		BD9FBF492BF484730039E4FF /* Build configuration list for PBXNativeTarget "Rabble Wabble" */ = {
			isa = XCConfigurationList;
			buildConfigurations = (
				BD9FBF4A2BF484730039E4FF /* Debug */,
				BD9FBF4B2BF484730039E4FF /* Release */,
			);
			defaultConfigurationIsVisible = 0;
			defaultConfigurationName = Release;
		};
/* End XCConfigurationList section */
	};
	rootObject = BD9FBF2D2BF484730039E4FF /* Project object */;
}
