// !$*UTF8*$!
{
	archiveVersion = 1;
	classes = {
	};
	objectVersion = 56;
	objects = {

/* Begin PBXBuildFile section */
		BDBFF9A12BFC8C1F00BE930E /* AppDelegate.swift in Sources */ = {isa = PBXBuildFile; fileRef = BDBFF9A02BFC8C1F00BE930E /* AppDelegate.swift */; };
		BDBFF9A32BFC8C1F00BE930E /* SceneDelegate.swift in Sources */ = {isa = PBXBuildFile; fileRef = BDBFF9A22BFC8C1F00BE930E /* SceneDelegate.swift */; };
		BDBFF9A52BFC8C1F00BE930E /* PeopleViewController.swift in Sources */ = {isa = PBXBuildFile; fileRef = BDBFF9A42BFC8C1F00BE930E /* PeopleViewController.swift */; };
		BDBFF9AA2BFC8C2000BE930E /* Assets.xcassets in Resources */ = {isa = PBXBuildFile; fileRef = BDBFF9A92BFC8C2000BE930E /* Assets.xcassets */; };
		BDBFF9AD2BFC8C2000BE930E /* Base in Resources */ = {isa = PBXBuildFile; fileRef = BDBFF9AC2BFC8C2000BE930E /* Base */; };
		BDBFF9B82BFCB34400BE930E /* PersonView.swift in Sources */ = {isa = PBXBuildFile; fileRef = BDBFF9B72BFCB34400BE930E /* PersonView.swift */; };
/* End PBXBuildFile section */

/* Begin PBXFileReference section */
		BDBFF99D2BFC8C1F00BE930E /* MVVMCrashCourse.app */ = {isa = PBXFileReference; explicitFileType = wrapper.application; includeInIndex = 0; path = MVVMCrashCourse.app; sourceTree = BUILT_PRODUCTS_DIR; };
		BDBFF9A02BFC8C1F00BE930E /* AppDelegate.swift */ = {isa = PBXFileReference; lastKnownFileType = sourcecode.swift; path = AppDelegate.swift; sourceTree = "<group>"; };
		BDBFF9A22BFC8C1F00BE930E /* SceneDelegate.swift */ = {isa = PBXFileReference; lastKnownFileType = sourcecode.swift; path = SceneDelegate.swift; sourceTree = "<group>"; };
		BDBFF9A42BFC8C1F00BE930E /* PeopleViewController.swift */ = {isa = PBXFileReference; lastKnownFileType = sourcecode.swift; path = PeopleViewController.swift; sourceTree = "<group>"; };
		BDBFF9A92BFC8C2000BE930E /* Assets.xcassets */ = {isa = PBXFileReference; lastKnownFileType = folder.assetcatalog; path = Assets.xcassets; sourceTree = "<group>"; };
		BDBFF9AC2BFC8C2000BE930E /* Base */ = {isa = PBXFileReference; lastKnownFileType = file.storyboard; name = Base; path = Base.lproj/LaunchScreen.storyboard; sourceTree = "<group>"; };
		BDBFF9AE2BFC8C2000BE930E /* Info.plist */ = {isa = PBXFileReference; lastKnownFileType = text.plist.xml; path = Info.plist; sourceTree = "<group>"; };
		BDBFF9B72BFCB34400BE930E /* PersonView.swift */ = {isa = PBXFileReference; lastKnownFileType = sourcecode.swift; path = PersonView.swift; sourceTree = "<group>"; };
/* End PBXFileReference section */

/* Begin PBXFrameworksBuildPhase section */
		BDBFF99A2BFC8C1F00BE930E /* Frameworks */ = {
			isa = PBXFrameworksBuildPhase;
			buildActionMask = 2147483647;
			files = (
			);
			runOnlyForDeploymentPostprocessing = 0;
		};
/* End PBXFrameworksBuildPhase section */

/* Begin PBXGroup section */
		BDBFF9942BFC8C1F00BE930E = {
			isa = PBXGroup;
			children = (
				BDBFF99F2BFC8C1F00BE930E /* MVVMCrashCourse */,
				BDBFF99E2BFC8C1F00BE930E /* Products */,
			);
			sourceTree = "<group>";
		};
		BDBFF99E2BFC8C1F00BE930E /* Products */ = {
			isa = PBXGroup;
			children = (
				BDBFF99D2BFC8C1F00BE930E /* MVVMCrashCourse.app */,
			);
			name = Products;
			sourceTree = "<group>";
		};
		BDBFF99F2BFC8C1F00BE930E /* MVVMCrashCourse */ = {
			isa = PBXGroup;
			children = (
				BDBFF9B52BFC8C5200BE930E /* Resources */,
				BDBFF9B42BFC8C4300BE930E /* Views */,
				BDBFF9A02BFC8C1F00BE930E /* AppDelegate.swift */,
				BDBFF9A22BFC8C1F00BE930E /* SceneDelegate.swift */,
				BDBFF9A42BFC8C1F00BE930E /* PeopleViewController.swift */,
				BDBFF9B72BFCB34400BE930E /* PersonView.swift */,
				BDBFF9AE2BFC8C2000BE930E /* Info.plist */,
			);
			path = MVVMCrashCourse;
			sourceTree = "<group>";
		};
		BDBFF9B42BFC8C4300BE930E /* Views */ = {
			isa = PBXGroup;
			children = (
				BDBFF9AB2BFC8C2000BE930E /* LaunchScreen.storyboard */,
			);
			path = Views;
			sourceTree = "<group>";
		};
		BDBFF9B52BFC8C5200BE930E /* Resources */ = {
			isa = PBXGroup;
			children = (
				BDBFF9B62BFC8C6000BE930E /* Images */,
			);
			path = Resources;
			sourceTree = "<group>";
		};
		BDBFF9B62BFC8C6000BE930E /* Images */ = {
			isa = PBXGroup;
			children = (
				BDBFF9A92BFC8C2000BE930E /* Assets.xcassets */,
			);
			path = Images;
			sourceTree = "<group>";
		};
/* End PBXGroup section */

/* Begin PBXNativeTarget section */
		BDBFF99C2BFC8C1F00BE930E /* MVVMCrashCourse */ = {
			isa = PBXNativeTarget;
			buildConfigurationList = BDBFF9B12BFC8C2000BE930E /* Build configuration list for PBXNativeTarget "MVVMCrashCourse" */;
			buildPhases = (
				BDBFF9992BFC8C1F00BE930E /* Sources */,
				BDBFF99A2BFC8C1F00BE930E /* Frameworks */,
				BDBFF99B2BFC8C1F00BE930E /* Resources */,
			);
			buildRules = (
			);
			dependencies = (
			);
			name = MVVMCrashCourse;
			productName = MVVMCrashCourse;
			productReference = BDBFF99D2BFC8C1F00BE930E /* MVVMCrashCourse.app */;
			productType = "com.apple.product-type.application";
		};
/* End PBXNativeTarget section */

/* Begin PBXProject section */
		BDBFF9952BFC8C1F00BE930E /* Project object */ = {
			isa = PBXProject;
			attributes = {
				BuildIndependentTargetsInParallel = 1;
				LastSwiftUpdateCheck = 1540;
				LastUpgradeCheck = 1540;
				TargetAttributes = {
					BDBFF99C2BFC8C1F00BE930E = {
						CreatedOnToolsVersion = 15.4;
					};
				};
			};
			buildConfigurationList = BDBFF9982BFC8C1F00BE930E /* Build configuration list for PBXProject "MVVMCrashCourse" */;
			compatibilityVersion = "Xcode 14.0";
			developmentRegion = en;
			hasScannedForEncodings = 0;
			knownRegions = (
				en,
				Base,
			);
			mainGroup = BDBFF9942BFC8C1F00BE930E;
			productRefGroup = BDBFF99E2BFC8C1F00BE930E /* Products */;
			projectDirPath = "";
			projectRoot = "";
			targets = (
				BDBFF99C2BFC8C1F00BE930E /* MVVMCrashCourse */,
			);
		};
/* End PBXProject section */

/* Begin PBXResourcesBuildPhase section */
		BDBFF99B2BFC8C1F00BE930E /* Resources */ = {
			isa = PBXResourcesBuildPhase;
			buildActionMask = 2147483647;
			files = (
				BDBFF9AA2BFC8C2000BE930E /* Assets.xcassets in Resources */,
				BDBFF9AD2BFC8C2000BE930E /* Base in Resources */,
			);
			runOnlyForDeploymentPostprocessing = 0;
		};
/* End PBXResourcesBuildPhase section */

/* Begin PBXSourcesBuildPhase section */
		BDBFF9992BFC8C1F00BE930E /* Sources */ = {
			isa = PBXSourcesBuildPhase;
			buildActionMask = 2147483647;
			files = (
				BDBFF9A52BFC8C1F00BE930E /* PeopleViewController.swift in Sources */,
				BDBFF9B82BFCB34400BE930E /* PersonView.swift in Sources */,
				BDBFF9A12BFC8C1F00BE930E /* AppDelegate.swift in Sources */,
				BDBFF9A32BFC8C1F00BE930E /* SceneDelegate.swift in Sources */,
			);
			runOnlyForDeploymentPostprocessing = 0;
		};
/* End PBXSourcesBuildPhase section */

/* Begin PBXVariantGroup section */
		BDBFF9AB2BFC8C2000BE930E /* LaunchScreen.storyboard */ = {
			isa = PBXVariantGroup;
			children = (
				BDBFF9AC2BFC8C2000BE930E /* Base */,
			);
			name = LaunchScreen.storyboard;
			sourceTree = "<group>";
		};
/* End PBXVariantGroup section */

/* Begin XCBuildConfiguration section */
		BDBFF9AF2BFC8C2000BE930E /* Debug */ = {
			isa = XCBuildConfiguration;
			buildSettings = {
				ALWAYS_SEARCH_USER_PATHS = NO;
				ASSETCATALOG_COMPILER_GENERATE_SWIFT_ASSET_SYMBOL_EXTENSIONS = YES;
				CLANG_ANALYZER_NONNULL = YES;
				CLANG_ANALYZER_NUMBER_OBJECT_CONVERSION = YES_AGGRESSIVE;
				CLANG_CXX_LANGUAGE_STANDARD = "gnu++20";
				CLANG_ENABLE_MODULES = YES;
				CLANG_ENABLE_OBJC_ARC = YES;
				CLANG_ENABLE_OBJC_WEAK = YES;
				CLANG_WARN_BLOCK_CAPTURE_AUTORELEASING = YES;
				CLANG_WARN_BOOL_CONVERSION = YES;
				CLANG_WARN_COMMA = YES;
				CLANG_WARN_CONSTANT_CONVERSION = YES;
				CLANG_WARN_DEPRECATED_OBJC_IMPLEMENTATIONS = YES;
				CLANG_WARN_DIRECT_OBJC_ISA_USAGE = YES_ERROR;
				CLANG_WARN_DOCUMENTATION_COMMENTS = YES;
				CLANG_WARN_EMPTY_BODY = YES;
				CLANG_WARN_ENUM_CONVERSION = YES;
				CLANG_WARN_INFINITE_RECURSION = YES;
				CLANG_WARN_INT_CONVERSION = YES;
				CLANG_WARN_NON_LITERAL_NULL_CONVERSION = YES;
				CLANG_WARN_OBJC_IMPLICIT_RETAIN_SELF = YES;
				CLANG_WARN_OBJC_LITERAL_CONVERSION = YES;
				CLANG_WARN_OBJC_ROOT_CLASS = YES_ERROR;
				CLANG_WARN_QUOTED_INCLUDE_IN_FRAMEWORK_HEADER = YES;
				CLANG_WARN_RANGE_LOOP_ANALYSIS = YES;
				CLANG_WARN_STRICT_PROTOTYPES = YES;
				CLANG_WARN_SUSPICIOUS_MOVE = YES;
				CLANG_WARN_UNGUARDED_AVAILABILITY = YES_AGGRESSIVE;
				CLANG_WARN_UNREACHABLE_CODE = YES;
				CLANG_WARN__DUPLICATE_METHOD_MATCH = YES;
				COPY_PHASE_STRIP = NO;
				DEBUG_INFORMATION_FORMAT = dwarf;
				ENABLE_STRICT_OBJC_MSGSEND = YES;
				ENABLE_TESTABILITY = YES;
				ENABLE_USER_SCRIPT_SANDBOXING = YES;
				GCC_C_LANGUAGE_STANDARD = gnu17;
				GCC_DYNAMIC_NO_PIC = NO;
				GCC_NO_COMMON_BLOCKS = YES;
				GCC_OPTIMIZATION_LEVEL = 0;
				GCC_PREPROCESSOR_DEFINITIONS = (
					"DEBUG=1",
					"$(inherited)",
				);
				GCC_WARN_64_TO_32_BIT_CONVERSION = YES;
				GCC_WARN_ABOUT_RETURN_TYPE = YES_ERROR;
				GCC_WARN_UNDECLARED_SELECTOR = YES;
				GCC_WARN_UNINITIALIZED_AUTOS = YES_AGGRESSIVE;
				GCC_WARN_UNUSED_FUNCTION = YES;
				GCC_WARN_UNUSED_VARIABLE = YES;
				IPHONEOS_DEPLOYMENT_TARGET = 15.0;
				LOCALIZATION_PREFERS_STRING_CATALOGS = YES;
				MTL_ENABLE_DEBUG_INFO = INCLUDE_SOURCE;
				MTL_FAST_MATH = YES;
				ONLY_ACTIVE_ARCH = YES;
				SDKROOT = iphoneos;
				SWIFT_ACTIVE_COMPILATION_CONDITIONS = "DEBUG $(inherited)";
				SWIFT_OPTIMIZATION_LEVEL = "-Onone";
			};
			name = Debug;
		};
		BDBFF9B02BFC8C2000BE930E /* Release */ = {
			isa = XCBuildConfiguration;
			buildSettings = {
				ALWAYS_SEARCH_USER_PATHS = NO;
				ASSETCATALOG_COMPILER_GENERATE_SWIFT_ASSET_SYMBOL_EXTENSIONS = YES;
				CLANG_ANALYZER_NONNULL = YES;
				CLANG_ANALYZER_NUMBER_OBJECT_CONVERSION = YES_AGGRESSIVE;
				CLANG_CXX_LANGUAGE_STANDARD = "gnu++20";
				CLANG_ENABLE_MODULES = YES;
				CLANG_ENABLE_OBJC_ARC = YES;
				CLANG_ENABLE_OBJC_WEAK = YES;
				CLANG_WARN_BLOCK_CAPTURE_AUTORELEASING = YES;
				CLANG_WARN_BOOL_CONVERSION = YES;
				CLANG_WARN_COMMA = YES;
				CLANG_WARN_CONSTANT_CONVERSION = YES;
				CLANG_WARN_DEPRECATED_OBJC_IMPLEMENTATIONS = YES;
				CLANG_WARN_DIRECT_OBJC_ISA_USAGE = YES_ERROR;
				CLANG_WARN_DOCUMENTATION_COMMENTS = YES;
				CLANG_WARN_EMPTY_BODY = YES;
				CLANG_WARN_ENUM_CONVERSION = YES;
				CLANG_WARN_INFINITE_RECURSION = YES;
				CLANG_WARN_INT_CONVERSION = YES;
				CLANG_WARN_NON_LITERAL_NULL_CONVERSION = YES;
				CLANG_WARN_OBJC_IMPLICIT_RETAIN_SELF = YES;
				CLANG_WARN_OBJC_LITERAL_CONVERSION = YES;
				CLANG_WARN_OBJC_ROOT_CLASS = YES_ERROR;
				CLANG_WARN_QUOTED_INCLUDE_IN_FRAMEWORK_HEADER = YES;
				CLANG_WARN_RANGE_LOOP_ANALYSIS = YES;
				CLANG_WARN_STRICT_PROTOTYPES = YES;
				CLANG_WARN_SUSPICIOUS_MOVE = YES;
				CLANG_WARN_UNGUARDED_AVAILABILITY = YES_AGGRESSIVE;
				CLANG_WARN_UNREACHABLE_CODE = YES;
				CLANG_WARN__DUPLICATE_METHOD_MATCH = YES;
				COPY_PHASE_STRIP = NO;
				DEBUG_INFORMATION_FORMAT = "dwarf-with-dsym";
				ENABLE_NS_ASSERTIONS = NO;
				ENABLE_STRICT_OBJC_MSGSEND = YES;
				ENABLE_USER_SCRIPT_SANDBOXING = YES;
				GCC_C_LANGUAGE_STANDARD = gnu17;
				GCC_NO_COMMON_BLOCKS = YES;
				GCC_WARN_64_TO_32_BIT_CONVERSION = YES;
				GCC_WARN_ABOUT_RETURN_TYPE = YES_ERROR;
				GCC_WARN_UNDECLARED_SELECTOR = YES;
				GCC_WARN_UNINITIALIZED_AUTOS = YES_AGGRESSIVE;
				GCC_WARN_UNUSED_FUNCTION = YES;
				GCC_WARN_UNUSED_VARIABLE = YES;
				IPHONEOS_DEPLOYMENT_TARGET = 15.0;
				LOCALIZATION_PREFERS_STRING_CATALOGS = YES;
				MTL_ENABLE_DEBUG_INFO = NO;
				MTL_FAST_MATH = YES;
				SDKROOT = iphoneos;
				SWIFT_COMPILATION_MODE = wholemodule;
				VALIDATE_PRODUCT = YES;
			};
			name = Release;
		};
		BDBFF9B22BFC8C2000BE930E /* Debug */ = {
			isa = XCBuildConfiguration;
			buildSettings = {
				ASSETCATALOG_COMPILER_APPICON_NAME = AppIcon;
				ASSETCATALOG_COMPILER_GLOBAL_ACCENT_COLOR_NAME = AccentColor;
				CODE_SIGN_STYLE = Automatic;
				CURRENT_PROJECT_VERSION = 1;
				DEVELOPMENT_TEAM = 2U86LHQK8Q;
				GENERATE_INFOPLIST_FILE = YES;
				INFOPLIST_FILE = MVVMCrashCourse/Info.plist;
				INFOPLIST_KEY_UIApplicationSupportsIndirectInputEvents = YES;
				INFOPLIST_KEY_UILaunchStoryboardName = LaunchScreen;
				INFOPLIST_KEY_UISupportedInterfaceOrientations_iPad = "UIInterfaceOrientationPortrait UIInterfaceOrientationPortraitUpsideDown UIInterfaceOrientationLandscapeLeft UIInterfaceOrientationLandscapeRight";
				INFOPLIST_KEY_UISupportedInterfaceOrientations_iPhone = "UIInterfaceOrientationPortrait UIInterfaceOrientationLandscapeLeft UIInterfaceOrientationLandscapeRight";
				IPHONEOS_DEPLOYMENT_TARGET = 15.0;
				LD_RUNPATH_SEARCH_PATHS = (
					"$(inherited)",
					"@executable_path/Frameworks",
				);
				MARKETING_VERSION = 1.0;
				PRODUCT_BUNDLE_IDENTIFIER = com.jack.lee.MVVMCrashCourse;
				PRODUCT_NAME = "$(TARGET_NAME)";
				SUPPORTED_PLATFORMS = "iphoneos iphonesimulator";
				SUPPORTS_MACCATALYST = NO;
				SUPPORTS_XR_DESIGNED_FOR_IPHONE_IPAD = NO;
				SWIFT_EMIT_LOC_STRINGS = YES;
				SWIFT_VERSION = 5.0;
				TARGETED_DEVICE_FAMILY = 1;
			};
			name = Debug;
		};
		BDBFF9B32BFC8C2000BE930E /* Release */ = {
			isa = XCBuildConfiguration;
			buildSettings = {
				ASSETCATALOG_COMPILER_APPICON_NAME = AppIcon;
				ASSETCATALOG_COMPILER_GLOBAL_ACCENT_COLOR_NAME = AccentColor;
				CODE_SIGN_STYLE = Automatic;
				CURRENT_PROJECT_VERSION = 1;
				DEVELOPMENT_TEAM = 2U86LHQK8Q;
				GENERATE_INFOPLIST_FILE = YES;
				INFOPLIST_FILE = MVVMCrashCourse/Info.plist;
				INFOPLIST_KEY_UIApplicationSupportsIndirectInputEvents = YES;
				INFOPLIST_KEY_UILaunchStoryboardName = LaunchScreen;
				INFOPLIST_KEY_UISupportedInterfaceOrientations_iPad = "UIInterfaceOrientationPortrait UIInterfaceOrientationPortraitUpsideDown UIInterfaceOrientationLandscapeLeft UIInterfaceOrientationLandscapeRight";
				INFOPLIST_KEY_UISupportedInterfaceOrientations_iPhone = "UIInterfaceOrientationPortrait UIInterfaceOrientationLandscapeLeft UIInterfaceOrientationLandscapeRight";
				IPHONEOS_DEPLOYMENT_TARGET = 15.0;
				LD_RUNPATH_SEARCH_PATHS = (
					"$(inherited)",
					"@executable_path/Frameworks",
				);
				MARKETING_VERSION = 1.0;
				PRODUCT_BUNDLE_IDENTIFIER = com.jack.lee.MVVMCrashCourse;
				PRODUCT_NAME = "$(TARGET_NAME)";
				SUPPORTED_PLATFORMS = "iphoneos iphonesimulator";
				SUPPORTS_MACCATALYST = NO;
				SUPPORTS_XR_DESIGNED_FOR_IPHONE_IPAD = NO;
				SWIFT_EMIT_LOC_STRINGS = YES;
				SWIFT_VERSION = 5.0;
				TARGETED_DEVICE_FAMILY = 1;
			};
			name = Release;
		};
/* End XCBuildConfiguration section */

/* Begin XCConfigurationList section */
		BDBFF9982BFC8C1F00BE930E /* Build configuration list for PBXProject "MVVMCrashCourse" */ = {
			isa = XCConfigurationList;
			buildConfigurations = (
				BDBFF9AF2BFC8C2000BE930E /* Debug */,
				BDBFF9B02BFC8C2000BE930E /* Release */,
			);
			defaultConfigurationIsVisible = 0;
			defaultConfigurationName = Release;
		};
		BDBFF9B12BFC8C2000BE930E /* Build configuration list for PBXNativeTarget "MVVMCrashCourse" */ = {
			isa = XCConfigurationList;
			buildConfigurations = (
				BDBFF9B22BFC8C2000BE930E /* Debug */,
				BDBFF9B32BFC8C2000BE930E /* Release */,
			);
			defaultConfigurationIsVisible = 0;
			defaultConfigurationName = Release;
		};
/* End XCConfigurationList section */
	};
	rootObject = BDBFF9952BFC8C1F00BE930E /* Project object */;
}
